// !$*UTF8*$!
{
	archiveVersion = 1;
	classes = {
	};
	objectVersion = 46;
	objects = {

/* Begin PBXBuildFile section */
		420DF85220AE02ED002E5C74 /* RNFyberUser.m in Sources */ = {isa = PBXBuildFile; fileRef = 420DF85020AE02ED002E5C74 /* RNFyberUser.m */; };
		B52AD3AB1DDA5401008AE987 /* RNFyberRewardedVideo.m in Sources */ = {isa = PBXBuildFile; fileRef = B52AD3AA1DDA5401008AE987 /* RNFyberRewardedVideo.m */; };
		B574985A1CEFB0AB002F1EFF /* RNFyber.h in CopyFiles */ = {isa = PBXBuildFile; fileRef = B57498591CEFB0AB002F1EFF /* RNFyber.h */; };
		B574985C1CEFB0AB002F1EFF /* RNFyber.m in Sources */ = {isa = PBXBuildFile; fileRef = B574985B1CEFB0AB002F1EFF /* RNFyber.m */; };
		B5BEC73A1CF3953700153483 /* RNFyberOfferWall.m in Sources */ = {isa = PBXBuildFile; fileRef = B5BEC7381CF3953700153483 /* RNFyberOfferWall.m */; };
/* End PBXBuildFile section */

/* Begin PBXCopyFilesBuildPhase section */
		B57498541CEFB0AB002F1EFF /* CopyFiles */ = {
			isa = PBXCopyFilesBuildPhase;
			buildActionMask = 2147483647;
			dstPath = "include/$(PRODUCT_NAME)";
			dstSubfolderSpec = 16;
			files = (
				B574985A1CEFB0AB002F1EFF /* RNFyber.h in CopyFiles */,
			);
			runOnlyForDeploymentPostprocessing = 0;
		};
/* End PBXCopyFilesBuildPhase section */

/* Begin PBXFileReference section */
		420DF7E920ADAC2C002E5C74 /* FYBOffer.h */ = {isa = PBXFileReference; fileEncoding = 4; lastKnownFileType = sourcecode.c.h; path = FYBOffer.h; sourceTree = "<group>"; };
		420DF7EA20ADAC2C002E5C74 /* FYBInterstitialCreativeType.h */ = {isa = PBXFileReference; fileEncoding = 4; lastKnownFileType = sourcecode.c.h; path = FYBInterstitialCreativeType.h; sourceTree = "<group>"; };
		420DF7EB20ADAC2C002E5C74 /* FYBBannerNetworkAdapter.h */ = {isa = PBXFileReference; fileEncoding = 4; lastKnownFileType = sourcecode.c.h; path = FYBBannerNetworkAdapter.h; sourceTree = "<group>"; };
		420DF7EC20ADAC2C002E5C74 /* FYBInterstitialControllerDelegate.h */ = {isa = PBXFileReference; fileEncoding = 4; lastKnownFileType = sourcecode.c.h; path = FYBInterstitialControllerDelegate.h; sourceTree = "<group>"; };
		420DF7ED20ADAC2C002E5C74 /* FYBPrecachingNetworkAdapter.h */ = {isa = PBXFileReference; fileEncoding = 4; lastKnownFileType = sourcecode.c.h; path = FYBPrecachingNetworkAdapter.h; sourceTree = "<group>"; };
		420DF7EE20ADAC2C002E5C74 /* FYBRewardedVideoControllerState.h */ = {isa = PBXFileReference; fileEncoding = 4; lastKnownFileType = sourcecode.c.h; path = FYBRewardedVideoControllerState.h; sourceTree = "<group>"; };
		420DF7EF20ADAC2C002E5C74 /* FYBBaseOffer.h */ = {isa = PBXFileReference; fileEncoding = 4; lastKnownFileType = sourcecode.c.h; path = FYBBaseOffer.h; sourceTree = "<group>"; };
		420DF7F020ADAC2C002E5C74 /* FyberSDK.h */ = {isa = PBXFileReference; fileEncoding = 4; lastKnownFileType = sourcecode.c.h; path = FyberSDK.h; sourceTree = "<group>"; };
		420DF7F120ADAC2C002E5C74 /* FYBSystemLogger.h */ = {isa = PBXFileReference; fileEncoding = 4; lastKnownFileType = sourcecode.c.h; path = FYBSystemLogger.h; sourceTree = "<group>"; };
		420DF7F220ADAC2C002E5C74 /* FYBLogger.h */ = {isa = PBXFileReference; fileEncoding = 4; lastKnownFileType = sourcecode.c.h; path = FYBLogger.h; sourceTree = "<group>"; };
		420DF7F320ADAC2C002E5C74 /* FYBVirtualCurrencyErrorType.h */ = {isa = PBXFileReference; fileEncoding = 4; lastKnownFileType = sourcecode.c.h; path = FYBVirtualCurrencyErrorType.h; sourceTree = "<group>"; };
		420DF7F420ADAC2C002E5C74 /* FYBBannerControllerDelegate.h */ = {isa = PBXFileReference; fileEncoding = 4; lastKnownFileType = sourcecode.c.h; path = FYBBannerControllerDelegate.h; sourceTree = "<group>"; };
		420DF7F520ADAC2C002E5C74 /* FYB_SDK_versions.h */ = {isa = PBXFileReference; fileEncoding = 4; lastKnownFileType = sourcecode.c.h; path = FYB_SDK_versions.h; sourceTree = "<group>"; };
		420DF7F620ADAC2C002E5C74 /* FYBReachability.h */ = {isa = PBXFileReference; fileEncoding = 4; lastKnownFileType = sourcecode.c.h; path = FYBReachability.h; sourceTree = "<group>"; };
		420DF7F720ADAC2C002E5C74 /* FYBBannerSize.h */ = {isa = PBXFileReference; fileEncoding = 4; lastKnownFileType = sourcecode.c.h; path = FYBBannerSize.h; sourceTree = "<group>"; };
		420DF7F820ADAC2C002E5C74 /* FYBInterstitialNetworkAdapter.h */ = {isa = PBXFileReference; fileEncoding = 4; lastKnownFileType = sourcecode.c.h; path = FYBInterstitialNetworkAdapter.h; sourceTree = "<group>"; };
		420DF7F920ADAC2C002E5C74 /* FYBRewardedVideoControllerDismissReason.h */ = {isa = PBXFileReference; fileEncoding = 4; lastKnownFileType = sourcecode.c.h; path = FYBRewardedVideoControllerDismissReason.h; sourceTree = "<group>"; };
		420DF7FA20ADAC2C002E5C74 /* FYBBannerView.h */ = {isa = PBXFileReference; fileEncoding = 4; lastKnownFileType = sourcecode.c.h; path = FYBBannerView.h; sourceTree = "<group>"; };
		420DF7FD20ADAC2C002E5C74 /* StartedBundleIcon.png */ = {isa = PBXFileReference; lastKnownFileType = image.png; path = StartedBundleIcon.png; sourceTree = "<group>"; };
		420DF7FE20ADAC2C002E5C74 /* FYBBackIcon@2x.png */ = {isa = PBXFileReference; lastKnownFileType = image.png; path = "FYBBackIcon@2x.png"; sourceTree = "<group>"; };
		420DF7FF20ADAC2C002E5C74 /* UnstartedBundleIcon.png */ = {isa = PBXFileReference; lastKnownFileType = image.png; path = UnstartedBundleIcon.png; sourceTree = "<group>"; };
		420DF80020ADAC2C002E5C74 /* FYBIntegrationAnalyzerViewController.xib */ = {isa = PBXFileReference; fileEncoding = 4; lastKnownFileType = file.xib; path = FYBIntegrationAnalyzerViewController.xib; sourceTree = "<group>"; };
		420DF80120ADAC2C002E5C74 /* FYBIntegrationAnalyzerViewController.h */ = {isa = PBXFileReference; fileEncoding = 4; lastKnownFileType = sourcecode.c.h; path = FYBIntegrationAnalyzerViewController.h; sourceTree = "<group>"; };
		420DF80220ADAC2C002E5C74 /* FYBIntegrationAnalyzerError.h */ = {isa = PBXFileReference; fileEncoding = 4; lastKnownFileType = sourcecode.c.h; path = FYBIntegrationAnalyzerError.h; sourceTree = "<group>"; };
		420DF80320ADAC2C002E5C74 /* FYBInterstitialControllerDismissReason.h */ = {isa = PBXFileReference; fileEncoding = 4; lastKnownFileType = sourcecode.c.h; path = FYBInterstitialControllerDismissReason.h; sourceTree = "<group>"; };
		420DF80420ADAC2C002E5C74 /* FYBBannerControllerState.h */ = {isa = PBXFileReference; fileEncoding = 4; lastKnownFileType = sourcecode.c.h; path = FYBBannerControllerState.h; sourceTree = "<group>"; };
		420DF80520ADAC2C002E5C74 /* FYBInterstitialOffer.h */ = {isa = PBXFileReference; fileEncoding = 4; lastKnownFileType = sourcecode.c.h; path = FYBInterstitialOffer.h; sourceTree = "<group>"; };
		420DF80620ADAC2C002E5C74 /* FYBRewardedVideoNetworkAdapterDelegate.h */ = {isa = PBXFileReference; fileEncoding = 4; lastKnownFileType = sourcecode.c.h; path = FYBRewardedVideoNetworkAdapterDelegate.h; sourceTree = "<group>"; };
		420DF80720ADAC2C002E5C74 /* FYBRewardedVideoControllerDelegate.h */ = {isa = PBXFileReference; fileEncoding = 4; lastKnownFileType = sourcecode.c.h; path = FYBRewardedVideoControllerDelegate.h; sourceTree = "<group>"; };
		420DF80820ADAC2C002E5C74 /* FYBTPNGenericAdapter.h */ = {isa = PBXFileReference; fileEncoding = 4; lastKnownFileType = sourcecode.c.h; path = FYBTPNGenericAdapter.h; sourceTree = "<group>"; };
		420DF80920ADAC2C002E5C74 /* FYBInterstitialController.h */ = {isa = PBXFileReference; fileEncoding = 4; lastKnownFileType = sourcecode.c.h; path = FYBInterstitialController.h; sourceTree = "<group>"; };
		420DF80A20ADAC2C002E5C74 /* FYBBaseNetwork.h */ = {isa = PBXFileReference; fileEncoding = 4; lastKnownFileType = sourcecode.c.h; path = FYBBaseNetwork.h; sourceTree = "<group>"; };
		420DF80B20ADAC2C002E5C74 /* FYBRewardedVideoController.h */ = {isa = PBXFileReference; fileEncoding = 4; lastKnownFileType = sourcecode.c.h; path = FYBRewardedVideoController.h; sourceTree = "<group>"; };
		420DF80C20ADAC2C002E5C74 /* FYBLogAppender.h */ = {isa = PBXFileReference; fileEncoding = 4; lastKnownFileType = sourcecode.c.h; path = FYBLogAppender.h; sourceTree = "<group>"; };
		420DF80D20ADAC2C002E5C74 /* FYBTPNVideoAdapter.h */ = {isa = PBXFileReference; fileEncoding = 4; lastKnownFileType = sourcecode.c.h; path = FYBTPNVideoAdapter.h; sourceTree = "<group>"; };
		420DF80E20ADAC2C002E5C74 /* FYBCacheManager.h */ = {isa = PBXFileReference; fileEncoding = 4; lastKnownFileType = sourcecode.c.h; path = FYBCacheManager.h; sourceTree = "<group>"; };
		420DF80F20ADAC2C002E5C74 /* FYBVirtualCurrencyClientDelegate.h */ = {isa = PBXFileReference; fileEncoding = 4; lastKnownFileType = sourcecode.c.h; path = FYBVirtualCurrencyClientDelegate.h; sourceTree = "<group>"; };
		420DF81020ADAC2C002E5C74 /* FYBUserConstants.h */ = {isa = PBXFileReference; fileEncoding = 4; lastKnownFileType = sourcecode.c.h; path = FYBUserConstants.h; sourceTree = "<group>"; };
		420DF81120ADAC2C002E5C74 /* FYBRandomID.h */ = {isa = PBXFileReference; fileEncoding = 4; lastKnownFileType = sourcecode.c.h; path = FYBRandomID.h; sourceTree = "<group>"; };
		420DF81220ADAC2C002E5C74 /* FYBURLParametersProvider.h */ = {isa = PBXFileReference; fileEncoding = 4; lastKnownFileType = sourcecode.c.h; path = FYBURLParametersProvider.h; sourceTree = "<group>"; };
		420DF81320ADAC2C002E5C74 /* FYBInterstitialNetworkAdapterDelegate.h */ = {isa = PBXFileReference; fileEncoding = 4; lastKnownFileType = sourcecode.c.h; path = FYBInterstitialNetworkAdapterDelegate.h; sourceTree = "<group>"; };
		420DF81420ADAC2C002E5C74 /* FYBLogLevel.h */ = {isa = PBXFileReference; fileEncoding = 4; lastKnownFileType = sourcecode.c.h; path = FYBLogLevel.h; sourceTree = "<group>"; };
		420DF81520ADAC2C002E5C74 /* FYBVirtualCurrencyResponse.h */ = {isa = PBXFileReference; fileEncoding = 4; lastKnownFileType = sourcecode.c.h; path = FYBVirtualCurrencyResponse.h; sourceTree = "<group>"; };
		420DF81620ADAC2C002E5C74 /* FYBSDKOptions.h */ = {isa = PBXFileReference; fileEncoding = 4; lastKnownFileType = sourcecode.c.h; path = FYBSDKOptions.h; sourceTree = "<group>"; };
		420DF81720ADAC2D002E5C74 /* FYBBannerPosition.h */ = {isa = PBXFileReference; fileEncoding = 4; lastKnownFileType = sourcecode.c.h; path = FYBBannerPosition.h; sourceTree = "<group>"; };
		420DF81820ADAC2D002E5C74 /* FYBError.h */ = {isa = PBXFileReference; fileEncoding = 4; lastKnownFileType = sourcecode.c.h; path = FYBError.h; sourceTree = "<group>"; };
		420DF81920ADAC2D002E5C74 /* FYBIntegrationReport.h */ = {isa = PBXFileReference; fileEncoding = 4; lastKnownFileType = sourcecode.c.h; path = FYBIntegrationReport.h; sourceTree = "<group>"; };
		420DF81A20ADAC2D002E5C74 /* FYBAdapterOptions.h */ = {isa = PBXFileReference; fileEncoding = 4; lastKnownFileType = sourcecode.c.h; path = FYBAdapterOptions.h; sourceTree = "<group>"; };
		420DF81B20ADAC2D002E5C74 /* FYBOfferWallViewController.h */ = {isa = PBXFileReference; fileEncoding = 4; lastKnownFileType = sourcecode.c.h; path = FYBOfferWallViewController.h; sourceTree = "<group>"; };
		420DF81C20ADAC2D002E5C74 /* FYBRewardedVideoNetworkAdapter.h */ = {isa = PBXFileReference; fileEncoding = 4; lastKnownFileType = sourcecode.c.h; path = FYBRewardedVideoNetworkAdapter.h; sourceTree = "<group>"; };
		420DF81D20ADAC2D002E5C74 /* FYBCacheManagerDelegate.h */ = {isa = PBXFileReference; fileEncoding = 4; lastKnownFileType = sourcecode.c.h; path = FYBCacheManagerDelegate.h; sourceTree = "<group>"; };
		420DF81E20ADAC2D002E5C74 /* FYBVirtualCurrencyClient.h */ = {isa = PBXFileReference; fileEncoding = 4; lastKnownFileType = sourcecode.c.h; path = FYBVirtualCurrencyClient.h; sourceTree = "<group>"; };
		420DF81F20ADAC2D002E5C74 /* FYBBannerController.h */ = {isa = PBXFileReference; fileEncoding = 4; lastKnownFileType = sourcecode.c.h; path = FYBBannerController.h; sourceTree = "<group>"; };
		420DF82020ADAC2D002E5C74 /* FYBUser.h */ = {isa = PBXFileReference; fileEncoding = 4; lastKnownFileType = sourcecode.c.h; path = FYBUser.h; sourceTree = "<group>"; };
		420DF82120ADAC2D002E5C74 /* FYBBannerNetworkAdapterDelegate.h */ = {isa = PBXFileReference; fileEncoding = 4; lastKnownFileType = sourcecode.c.h; path = FYBBannerNetworkAdapterDelegate.h; sourceTree = "<group>"; };
		420DF82220ADAC2D002E5C74 /* FYBIntegrationAnalyzer.h */ = {isa = PBXFileReference; fileEncoding = 4; lastKnownFileType = sourcecode.c.h; path = FYBIntegrationAnalyzer.h; sourceTree = "<group>"; };
		420DF82320ADAC2D002E5C74 /* FYBInterstitialControllerState.h */ = {isa = PBXFileReference; fileEncoding = 4; lastKnownFileType = sourcecode.c.h; path = FYBInterstitialControllerState.h; sourceTree = "<group>"; };
		420DF82420ADAC2D002E5C74 /* FYBRequestParameters.h */ = {isa = PBXFileReference; fileEncoding = 4; lastKnownFileType = sourcecode.c.h; path = FYBRequestParameters.h; sourceTree = "<group>"; };
		420DF82520ADAC2D002E5C74 /* FYBMediationBundleInfo.h */ = {isa = PBXFileReference; fileEncoding = 4; lastKnownFileType = sourcecode.c.h; path = FYBMediationBundleInfo.h; sourceTree = "<group>"; };
		420DF85020AE02ED002E5C74 /* RNFyberUser.m */ = {isa = PBXFileReference; fileEncoding = 4; lastKnownFileType = sourcecode.c.objc; path = RNFyberUser.m; sourceTree = "<group>"; };
		420DF85120AE02ED002E5C74 /* RNFyberUser.h */ = {isa = PBXFileReference; fileEncoding = 4; lastKnownFileType = sourcecode.c.h; path = RNFyberUser.h; sourceTree = "<group>"; };
		42DBC21E2252732E00D51C2A /* libFyberSDK-8.22.0.a */ = {isa = PBXFileReference; lastKnownFileType = archive.ar; path = "libFyberSDK-8.22.0.a"; sourceTree = "<group>"; };
		B52AD3A91DDA5401008AE987 /* RNFyberRewardedVideo.h */ = {isa = PBXFileReference; fileEncoding = 4; lastKnownFileType = sourcecode.c.h; path = RNFyberRewardedVideo.h; sourceTree = "<group>"; };
		B52AD3AA1DDA5401008AE987 /* RNFyberRewardedVideo.m */ = {isa = PBXFileReference; fileEncoding = 4; lastKnownFileType = sourcecode.c.objc; path = RNFyberRewardedVideo.m; sourceTree = "<group>"; };
		B57498561CEFB0AB002F1EFF /* libRNFyber.a */ = {isa = PBXFileReference; explicitFileType = archive.ar; includeInIndex = 0; path = libRNFyber.a; sourceTree = BUILT_PRODUCTS_DIR; };
		B57498591CEFB0AB002F1EFF /* RNFyber.h */ = {isa = PBXFileReference; lastKnownFileType = sourcecode.c.h; path = RNFyber.h; sourceTree = "<group>"; };
		B574985B1CEFB0AB002F1EFF /* RNFyber.m */ = {isa = PBXFileReference; lastKnownFileType = sourcecode.c.objc; path = RNFyber.m; sourceTree = "<group>"; };
		B5BEC7381CF3953700153483 /* RNFyberOfferWall.m */ = {isa = PBXFileReference; fileEncoding = 4; lastKnownFileType = sourcecode.c.objc; path = RNFyberOfferWall.m; sourceTree = "<group>"; };
		B5BEC7391CF3953700153483 /* RNFyberOfferWall.h */ = {isa = PBXFileReference; fileEncoding = 4; lastKnownFileType = sourcecode.c.h; path = RNFyberOfferWall.h; sourceTree = "<group>"; };
/* End PBXFileReference section */

/* Begin PBXGroup section */
		420DF7E820ADAC2C002E5C74 /* fyber-sdk-lib */ = {
			isa = PBXGroup;
			children = (
				420DF7E920ADAC2C002E5C74 /* FYBOffer.h */,
				420DF7EA20ADAC2C002E5C74 /* FYBInterstitialCreativeType.h */,
				420DF7EB20ADAC2C002E5C74 /* FYBBannerNetworkAdapter.h */,
				420DF7EC20ADAC2C002E5C74 /* FYBInterstitialControllerDelegate.h */,
				420DF7ED20ADAC2C002E5C74 /* FYBPrecachingNetworkAdapter.h */,
				420DF7EE20ADAC2C002E5C74 /* FYBRewardedVideoControllerState.h */,
				420DF7EF20ADAC2C002E5C74 /* FYBBaseOffer.h */,
				420DF7F020ADAC2C002E5C74 /* FyberSDK.h */,
				420DF7F120ADAC2C002E5C74 /* FYBSystemLogger.h */,
				420DF7F220ADAC2C002E5C74 /* FYBLogger.h */,
				420DF7F320ADAC2C002E5C74 /* FYBVirtualCurrencyErrorType.h */,
				420DF7F420ADAC2C002E5C74 /* FYBBannerControllerDelegate.h */,
				420DF7F520ADAC2C002E5C74 /* FYB_SDK_versions.h */,
				420DF7F620ADAC2C002E5C74 /* FYBReachability.h */,
				420DF7F720ADAC2C002E5C74 /* FYBBannerSize.h */,
				420DF7F820ADAC2C002E5C74 /* FYBInterstitialNetworkAdapter.h */,
				420DF7F920ADAC2C002E5C74 /* FYBRewardedVideoControllerDismissReason.h */,
				420DF7FA20ADAC2C002E5C74 /* FYBBannerView.h */,
				42DBC21E2252732E00D51C2A /* libFyberSDK-8.22.0.a */,
				420DF7FC20ADAC2C002E5C74 /* Resources */,
				420DF80120ADAC2C002E5C74 /* FYBIntegrationAnalyzerViewController.h */,
				420DF80220ADAC2C002E5C74 /* FYBIntegrationAnalyzerError.h */,
				420DF80320ADAC2C002E5C74 /* FYBInterstitialControllerDismissReason.h */,
				420DF80420ADAC2C002E5C74 /* FYBBannerControllerState.h */,
				420DF80520ADAC2C002E5C74 /* FYBInterstitialOffer.h */,
				420DF80620ADAC2C002E5C74 /* FYBRewardedVideoNetworkAdapterDelegate.h */,
				420DF80720ADAC2C002E5C74 /* FYBRewardedVideoControllerDelegate.h */,
				420DF80820ADAC2C002E5C74 /* FYBTPNGenericAdapter.h */,
				420DF80920ADAC2C002E5C74 /* FYBInterstitialController.h */,
				420DF80A20ADAC2C002E5C74 /* FYBBaseNetwork.h */,
				420DF80B20ADAC2C002E5C74 /* FYBRewardedVideoController.h */,
				420DF80C20ADAC2C002E5C74 /* FYBLogAppender.h */,
				420DF80D20ADAC2C002E5C74 /* FYBTPNVideoAdapter.h */,
				420DF80E20ADAC2C002E5C74 /* FYBCacheManager.h */,
				420DF80F20ADAC2C002E5C74 /* FYBVirtualCurrencyClientDelegate.h */,
				420DF81020ADAC2C002E5C74 /* FYBUserConstants.h */,
				420DF81120ADAC2C002E5C74 /* FYBRandomID.h */,
				420DF81220ADAC2C002E5C74 /* FYBURLParametersProvider.h */,
				420DF81320ADAC2C002E5C74 /* FYBInterstitialNetworkAdapterDelegate.h */,
				420DF81420ADAC2C002E5C74 /* FYBLogLevel.h */,
				420DF81520ADAC2C002E5C74 /* FYBVirtualCurrencyResponse.h */,
				420DF81620ADAC2C002E5C74 /* FYBSDKOptions.h */,
				420DF81720ADAC2D002E5C74 /* FYBBannerPosition.h */,
				420DF81820ADAC2D002E5C74 /* FYBError.h */,
				420DF81920ADAC2D002E5C74 /* FYBIntegrationReport.h */,
				420DF81A20ADAC2D002E5C74 /* FYBAdapterOptions.h */,
				420DF81B20ADAC2D002E5C74 /* FYBOfferWallViewController.h */,
				420DF81C20ADAC2D002E5C74 /* FYBRewardedVideoNetworkAdapter.h */,
				420DF81D20ADAC2D002E5C74 /* FYBCacheManagerDelegate.h */,
				420DF81E20ADAC2D002E5C74 /* FYBVirtualCurrencyClient.h */,
				420DF81F20ADAC2D002E5C74 /* FYBBannerController.h */,
				420DF82020ADAC2D002E5C74 /* FYBUser.h */,
				420DF82120ADAC2D002E5C74 /* FYBBannerNetworkAdapterDelegate.h */,
				420DF82220ADAC2D002E5C74 /* FYBIntegrationAnalyzer.h */,
				420DF82320ADAC2D002E5C74 /* FYBInterstitialControllerState.h */,
				420DF82420ADAC2D002E5C74 /* FYBRequestParameters.h */,
				420DF82520ADAC2D002E5C74 /* FYBMediationBundleInfo.h */,
			);
			path = "fyber-sdk-lib";
			sourceTree = "<group>";
		};
		420DF7FC20ADAC2C002E5C74 /* Resources */ = {
			isa = PBXGroup;
			children = (
				420DF7FD20ADAC2C002E5C74 /* StartedBundleIcon.png */,
				420DF7FE20ADAC2C002E5C74 /* FYBBackIcon@2x.png */,
				420DF7FF20ADAC2C002E5C74 /* UnstartedBundleIcon.png */,
				420DF80020ADAC2C002E5C74 /* FYBIntegrationAnalyzerViewController.xib */,
			);
			path = Resources;
			sourceTree = "<group>";
		};
		B574984D1CEFB0AB002F1EFF = {
			isa = PBXGroup;
			children = (
				420DF7E820ADAC2C002E5C74 /* fyber-sdk-lib */,
				B57498581CEFB0AB002F1EFF /* RNFyber */,
				B57498571CEFB0AB002F1EFF /* Products */,
			);
			sourceTree = "<group>";
		};
		B57498571CEFB0AB002F1EFF /* Products */ = {
			isa = PBXGroup;
			children = (
				B57498561CEFB0AB002F1EFF /* libRNFyber.a */,
			);
			name = Products;
			sourceTree = "<group>";
		};
		B57498581CEFB0AB002F1EFF /* RNFyber */ = {
			isa = PBXGroup;
			children = (
				420DF85120AE02ED002E5C74 /* RNFyberUser.h */,
				420DF85020AE02ED002E5C74 /* RNFyberUser.m */,
				B52AD3A91DDA5401008AE987 /* RNFyberRewardedVideo.h */,
				B52AD3AA1DDA5401008AE987 /* RNFyberRewardedVideo.m */,
				B5BEC7381CF3953700153483 /* RNFyberOfferWall.m */,
				B5BEC7391CF3953700153483 /* RNFyberOfferWall.h */,
				B57498591CEFB0AB002F1EFF /* RNFyber.h */,
				B574985B1CEFB0AB002F1EFF /* RNFyber.m */,
			);
			path = RNFyber;
			sourceTree = "<group>";
		};
/* End PBXGroup section */

/* Begin PBXNativeTarget section */
		B57498551CEFB0AB002F1EFF /* RNFyber */ = {
			isa = PBXNativeTarget;
			buildConfigurationList = B574985F1CEFB0AB002F1EFF /* Build configuration list for PBXNativeTarget "RNFyber" */;
			buildPhases = (
				B57498521CEFB0AB002F1EFF /* Sources */,
				B57498541CEFB0AB002F1EFF /* CopyFiles */,
			);
			buildRules = (
			);
			dependencies = (
			);
			name = RNFyber;
			productName = RNFyber;
			productReference = B57498561CEFB0AB002F1EFF /* libRNFyber.a */;
			productType = "com.apple.product-type.library.static";
		};
/* End PBXNativeTarget section */

/* Begin PBXProject section */
		B574984E1CEFB0AB002F1EFF /* Project object */ = {
			isa = PBXProject;
			attributes = {
				LastUpgradeCheck = 0930;
				ORGANIZATIONNAME = "Boon Media Inc.";
				TargetAttributes = {
					B57498551CEFB0AB002F1EFF = {
						CreatedOnToolsVersion = 7.3.1;
					};
				};
			};
			buildConfigurationList = B57498511CEFB0AB002F1EFF /* Build configuration list for PBXProject "RNFyber" */;
			compatibilityVersion = "Xcode 3.2";
			developmentRegion = English;
			hasScannedForEncodings = 0;
			knownRegions = (
				English,
				en,
			);
			mainGroup = B574984D1CEFB0AB002F1EFF;
			productRefGroup = B57498571CEFB0AB002F1EFF /* Products */;
			projectDirPath = "";
			projectRoot = "";
			targets = (
				B57498551CEFB0AB002F1EFF /* RNFyber */,
			);
		};
/* End PBXProject section */

/* Begin PBXSourcesBuildPhase section */
		B57498521CEFB0AB002F1EFF /* Sources */ = {
			isa = PBXSourcesBuildPhase;
			buildActionMask = 2147483647;
			files = (
				B574985C1CEFB0AB002F1EFF /* RNFyber.m in Sources */,
				B52AD3AB1DDA5401008AE987 /* RNFyberRewardedVideo.m in Sources */,
				B5BEC73A1CF3953700153483 /* RNFyberOfferWall.m in Sources */,
				420DF85220AE02ED002E5C74 /* RNFyberUser.m in Sources */,
			);
			runOnlyForDeploymentPostprocessing = 0;
		};
/* End PBXSourcesBuildPhase section */

/* Begin XCBuildConfiguration section */
		B574985D1CEFB0AB002F1EFF /* Debug */ = {
			isa = XCBuildConfiguration;
			buildSettings = {
				ALWAYS_SEARCH_USER_PATHS = NO;
				CLANG_ANALYZER_NONNULL = YES;
				CLANG_CXX_LANGUAGE_STANDARD = "gnu++0x";
				CLANG_CXX_LIBRARY = "libc++";
				CLANG_ENABLE_MODULES = YES;
				CLANG_ENABLE_OBJC_ARC = YES;
				CLANG_WARN_BLOCK_CAPTURE_AUTORELEASING = YES;
				CLANG_WARN_BOOL_CONVERSION = YES;
				CLANG_WARN_COMMA = YES;
				CLANG_WARN_CONSTANT_CONVERSION = YES;
				CLANG_WARN_DEPRECATED_OBJC_IMPLEMENTATIONS = YES;
				CLANG_WARN_DIRECT_OBJC_ISA_USAGE = YES_ERROR;
				CLANG_WARN_EMPTY_BODY = YES;
				CLANG_WARN_ENUM_CONVERSION = YES;
				CLANG_WARN_INFINITE_RECURSION = YES;
				CLANG_WARN_INT_CONVERSION = YES;
				CLANG_WARN_NON_LITERAL_NULL_CONVERSION = YES;
				CLANG_WARN_OBJC_IMPLICIT_RETAIN_SELF = YES;
				CLANG_WARN_OBJC_LITERAL_CONVERSION = YES;
				CLANG_WARN_OBJC_ROOT_CLASS = YES_ERROR;
				CLANG_WARN_RANGE_LOOP_ANALYSIS = YES;
				CLANG_WARN_STRICT_PROTOTYPES = YES;
				CLANG_WARN_SUSPICIOUS_MOVE = YES;
				CLANG_WARN_UNREACHABLE_CODE = YES;
				CLANG_WARN__DUPLICATE_METHOD_MATCH = YES;
				"CODE_SIGN_IDENTITY[sdk=iphoneos*]" = "iPhone Developer";
				COPY_PHASE_STRIP = NO;
				DEBUG_INFORMATION_FORMAT = dwarf;
				ENABLE_STRICT_OBJC_MSGSEND = YES;
				ENABLE_TESTABILITY = YES;
				GCC_C_LANGUAGE_STANDARD = gnu99;
				GCC_DYNAMIC_NO_PIC = NO;
				GCC_NO_COMMON_BLOCKS = YES;
				GCC_OPTIMIZATION_LEVEL = 0;
				GCC_PREPROCESSOR_DEFINITIONS = (
					"DEBUG=1",
					"$(inherited)",
				);
				GCC_WARN_64_TO_32_BIT_CONVERSION = YES;
				GCC_WARN_ABOUT_RETURN_TYPE = YES_ERROR;
				GCC_WARN_UNDECLARED_SELECTOR = YES;
				GCC_WARN_UNINITIALIZED_AUTOS = YES_AGGRESSIVE;
				GCC_WARN_UNUSED_FUNCTION = YES;
				GCC_WARN_UNUSED_VARIABLE = YES;
				HEADER_SEARCH_PATHS = "$(inherited)";
				IPHONEOS_DEPLOYMENT_TARGET = 8.0;
				MTL_ENABLE_DEBUG_INFO = YES;
				ONLY_ACTIVE_ARCH = YES;
				SDKROOT = iphoneos;
			};
			name = Debug;
		};
		B574985E1CEFB0AB002F1EFF /* Release */ = {
			isa = XCBuildConfiguration;
			buildSettings = {
				ALWAYS_SEARCH_USER_PATHS = NO;
				CLANG_ANALYZER_NONNULL = YES;
				CLANG_CXX_LANGUAGE_STANDARD = "gnu++0x";
				CLANG_CXX_LIBRARY = "libc++";
				CLANG_ENABLE_MODULES = YES;
				CLANG_ENABLE_OBJC_ARC = YES;
				CLANG_WARN_BLOCK_CAPTURE_AUTORELEASING = YES;
				CLANG_WARN_BOOL_CONVERSION = YES;
				CLANG_WARN_COMMA = YES;
				CLANG_WARN_CONSTANT_CONVERSION = YES;
				CLANG_WARN_DEPRECATED_OBJC_IMPLEMENTATIONS = YES;
				CLANG_WARN_DIRECT_OBJC_ISA_USAGE = YES_ERROR;
				CLANG_WARN_EMPTY_BODY = YES;
				CLANG_WARN_ENUM_CONVERSION = YES;
				CLANG_WARN_INFINITE_RECURSION = YES;
				CLANG_WARN_INT_CONVERSION = YES;
				CLANG_WARN_NON_LITERAL_NULL_CONVERSION = YES;
				CLANG_WARN_OBJC_IMPLICIT_RETAIN_SELF = YES;
				CLANG_WARN_OBJC_LITERAL_CONVERSION = YES;
				CLANG_WARN_OBJC_ROOT_CLASS = YES_ERROR;
				CLANG_WARN_RANGE_LOOP_ANALYSIS = YES;
				CLANG_WARN_STRICT_PROTOTYPES = YES;
				CLANG_WARN_SUSPICIOUS_MOVE = YES;
				CLANG_WARN_UNREACHABLE_CODE = YES;
				CLANG_WARN__DUPLICATE_METHOD_MATCH = YES;
				"CODE_SIGN_IDENTITY[sdk=iphoneos*]" = "iPhone Developer";
				COPY_PHASE_STRIP = NO;
				DEBUG_INFORMATION_FORMAT = "dwarf-with-dsym";
				ENABLE_NS_ASSERTIONS = NO;
				ENABLE_STRICT_OBJC_MSGSEND = YES;
				GCC_C_LANGUAGE_STANDARD = gnu99;
				GCC_NO_COMMON_BLOCKS = YES;
				GCC_WARN_64_TO_32_BIT_CONVERSION = YES;
				GCC_WARN_ABOUT_RETURN_TYPE = YES_ERROR;
				GCC_WARN_UNDECLARED_SELECTOR = YES;
				GCC_WARN_UNINITIALIZED_AUTOS = YES_AGGRESSIVE;
				GCC_WARN_UNUSED_FUNCTION = YES;
				GCC_WARN_UNUSED_VARIABLE = YES;
				HEADER_SEARCH_PATHS = "$(inherited)";
				IPHONEOS_DEPLOYMENT_TARGET = 8.0;
				MTL_ENABLE_DEBUG_INFO = NO;
				SDKROOT = iphoneos;
				VALIDATE_PRODUCT = YES;
			};
			name = Release;
		};
		B57498601CEFB0AB002F1EFF /* Debug */ = {
			isa = XCBuildConfiguration;
			buildSettings = {
				FRAMEWORK_SEARCH_PATHS = "$(PROJECT_DIR)/../../../ios/Pods/**";
				HEADER_SEARCH_PATHS = (
					"$(SRCROOT)/../../react-native/React/**",
					"$(SRCROOT)/fyber-sdk-lib/**",
					"$(SRCROOT)/../node_modules/react-native/React/**",
				);
				OTHER_LDFLAGS = (
					"$(inherited)",
					"-ObjC",
				);
				PRODUCT_NAME = "$(TARGET_NAME)";
				SKIP_INSTALL = YES;
			};
			name = Debug;
		};
		B57498611CEFB0AB002F1EFF /* Release */ = {
			isa = XCBuildConfiguration;
			buildSettings = {
				FRAMEWORK_SEARCH_PATHS = "$(PROJECT_DIR)/../../../ios/Pods/**";
				HEADER_SEARCH_PATHS = (
					"$(SRCROOT)/../../react-native/React/**",
					"$(SRCROOT)/fyber-sdk-lib/**",
					"$(SRCROOT)/../node_modules/react-native/React/**",
				);
				OTHER_LDFLAGS = (
					"$(inherited)",
					"-ObjC",
				);
				PRODUCT_NAME = "$(TARGET_NAME)";
				SKIP_INSTALL = YES;
			};
			name = Release;
		};
/* End XCBuildConfiguration section */

/* Begin XCConfigurationList section */
		B57498511CEFB0AB002F1EFF /* Build configuration list for PBXProject "RNFyber" */ = {
			isa = XCConfigurationList;
			buildConfigurations = (
				B574985D1CEFB0AB002F1EFF /* Debug */,
				B574985E1CEFB0AB002F1EFF /* Release */,
			);
			defaultConfigurationIsVisible = 0;
			defaultConfigurationName = Release;
		};
		B574985F1CEFB0AB002F1EFF /* Build configuration list for PBXNativeTarget "RNFyber" */ = {
			isa = XCConfigurationList;
			buildConfigurations = (
				B57498601CEFB0AB002F1EFF /* Debug */,
				B57498611CEFB0AB002F1EFF /* Release */,
			);
			defaultConfigurationIsVisible = 0;
			defaultConfigurationName = Release;
		};
/* End XCConfigurationList section */
	};
	rootObject = B574984E1CEFB0AB002F1EFF /* Project object */;
}
